// !$*UTF8*$!
{
	archiveVersion = 1;
	classes = {
	};
	objectVersion = 46;
	objects = {

/* Begin PBXBuildFile section */
		5608BD25EF083A097B9615A9 /* Pods.framework in Frameworks */ = {isa = PBXBuildFile; fileRef = E9B16446002376DB941AA0ED /* Pods.framework */; };
		98EEFAAB1C4A50BD007EAA70 /* AppDelegate.swift in Sources */ = {isa = PBXBuildFile; fileRef = 98EEFAAA1C4A50BD007EAA70 /* AppDelegate.swift */; };
		98EEFAAD1C4A50BD007EAA70 /* ViewController.swift in Sources */ = {isa = PBXBuildFile; fileRef = 98EEFAAC1C4A50BD007EAA70 /* ViewController.swift */; };
		98EEFAB01C4A50BD007EAA70 /* Main.storyboard in Resources */ = {isa = PBXBuildFile; fileRef = 98EEFAAE1C4A50BD007EAA70 /* Main.storyboard */; };
		98EEFAB21C4A50BD007EAA70 /* Assets.xcassets in Resources */ = {isa = PBXBuildFile; fileRef = 98EEFAB11C4A50BD007EAA70 /* Assets.xcassets */; };
		98EEFAB51C4A50BD007EAA70 /* LaunchScreen.storyboard in Resources */ = {isa = PBXBuildFile; fileRef = 98EEFAB31C4A50BD007EAA70 /* LaunchScreen.storyboard */; };
		98EEFB641C4A67BE007EAA70 /* Podfile in Resources */ = {isa = PBXBuildFile; fileRef = 98EEFB631C4A67BE007EAA70 /* Podfile */; settings = {ASSET_TAGS = (); }; };
/* End PBXBuildFile section */

/* Begin PBXContainerItemProxy section */
		98EEFB6A1C4A68A9007EAA70 /* PBXContainerItemProxy */ = {
			isa = PBXContainerItemProxy;
			containerPortal = 98EEFB651C4A68A9007EAA70 /* Pods.xcodeproj */;
			proxyType = 2;
			remoteGlobalIDString = F9A0E0EB6BA9E99C54BA0610D224EF59;
			remoteInfo = Pods;
		};
		98EEFB6C1C4A68A9007EAA70 /* PBXContainerItemProxy */ = {
			isa = PBXContainerItemProxy;
			containerPortal = 98EEFB651C4A68A9007EAA70 /* Pods.xcodeproj */;
			proxyType = 2;
			remoteGlobalIDString = F698FE530F843943CAE774C88677A401;
			remoteInfo = SnapKit;
		};
/* End PBXContainerItemProxy section */

/* Begin PBXFileReference section */
		23C93964405BCAECA34297BE /* Pods.debug.xcconfig */ = {isa = PBXFileReference; includeInIndex = 1; lastKnownFileType = text.xcconfig; name = Pods.debug.xcconfig; path = "Pods/Target Support Files/Pods/Pods.debug.xcconfig"; sourceTree = "<group>"; };
		2448813F83B1B7106E1B24B0 /* Pods.release.xcconfig */ = {isa = PBXFileReference; includeInIndex = 1; lastKnownFileType = text.xcconfig; name = Pods.release.xcconfig; path = "Pods/Target Support Files/Pods/Pods.release.xcconfig"; sourceTree = "<group>"; };
		98EEFAA71C4A50BD007EAA70 /* AutoLayout.app */ = {isa = PBXFileReference; explicitFileType = wrapper.application; includeInIndex = 0; path = AutoLayout.app; sourceTree = BUILT_PRODUCTS_DIR; };
		98EEFAAA1C4A50BD007EAA70 /* AppDelegate.swift */ = {isa = PBXFileReference; lastKnownFileType = sourcecode.swift; path = AppDelegate.swift; sourceTree = "<group>"; };
		98EEFAAC1C4A50BD007EAA70 /* ViewController.swift */ = {isa = PBXFileReference; lastKnownFileType = sourcecode.swift; path = ViewController.swift; sourceTree = "<group>"; };
		98EEFAAF1C4A50BD007EAA70 /* Base */ = {isa = PBXFileReference; lastKnownFileType = file.storyboard; name = Base; path = Base.lproj/Main.storyboard; sourceTree = "<group>"; };
		98EEFAB11C4A50BD007EAA70 /* Assets.xcassets */ = {isa = PBXFileReference; lastKnownFileType = folder.assetcatalog; path = Assets.xcassets; sourceTree = "<group>"; };
		98EEFAB41C4A50BD007EAA70 /* Base */ = {isa = PBXFileReference; lastKnownFileType = file.storyboard; name = Base; path = Base.lproj/LaunchScreen.storyboard; sourceTree = "<group>"; };
		98EEFAB61C4A50BD007EAA70 /* Info.plist */ = {isa = PBXFileReference; lastKnownFileType = text.plist.xml; path = Info.plist; sourceTree = "<group>"; };
		98EEFB631C4A67BE007EAA70 /* Podfile */ = {isa = PBXFileReference; fileEncoding = 4; lastKnownFileType = text; path = Podfile; sourceTree = "<group>"; };
		98EEFB651C4A68A9007EAA70 /* Pods.xcodeproj */ = {isa = PBXFileReference; lastKnownFileType = "wrapper.pb-project"; name = Pods.xcodeproj; path = Pods/Pods.xcodeproj; sourceTree = "<group>"; };
		E9B16446002376DB941AA0ED /* Pods.framework */ = {isa = PBXFileReference; explicitFileType = wrapper.framework; includeInIndex = 0; path = Pods.framework; sourceTree = BUILT_PRODUCTS_DIR; };
/* End PBXFileReference section */

/* Begin PBXFrameworksBuildPhase section */
		98EEFAA41C4A50BD007EAA70 /* Frameworks */ = {
			isa = PBXFrameworksBuildPhase;
			buildActionMask = 2147483647;
			files = (
				5608BD25EF083A097B9615A9 /* Pods.framework in Frameworks */,
			);
			runOnlyForDeploymentPostprocessing = 0;
		};
/* End PBXFrameworksBuildPhase section */

/* Begin PBXGroup section */
		00D01A5FE4BF113C2E00018F /* Pods */ = {
			isa = PBXGroup;
			children = (
				23C93964405BCAECA34297BE /* Pods.debug.xcconfig */,
				2448813F83B1B7106E1B24B0 /* Pods.release.xcconfig */,
			);
			name = Pods;
			sourceTree = "<group>";
		};
		6FE57B9971B8DD89FB546DF4 /* Frameworks */ = {
			isa = PBXGroup;
			children = (
				E9B16446002376DB941AA0ED /* Pods.framework */,
			);
			name = Frameworks;
			sourceTree = "<group>";
		};
		98EEFA9E1C4A50BD007EAA70 = {
			isa = PBXGroup;
			children = (
				98EEFB651C4A68A9007EAA70 /* Pods.xcodeproj */,
				98EEFB631C4A67BE007EAA70 /* Podfile */,
				98EEFAA91C4A50BD007EAA70 /* AutoLayout */,
				98EEFAA81C4A50BD007EAA70 /* Products */,
				00D01A5FE4BF113C2E00018F /* Pods */,
				6FE57B9971B8DD89FB546DF4 /* Frameworks */,
			);
			sourceTree = "<group>";
		};
		98EEFAA81C4A50BD007EAA70 /* Products */ = {
			isa = PBXGroup;
			children = (
				98EEFAA71C4A50BD007EAA70 /* AutoLayout.app */,
			);
			name = Products;
			sourceTree = "<group>";
		};
		98EEFAA91C4A50BD007EAA70 /* AutoLayout */ = {
			isa = PBXGroup;
			children = (
				98EEFAAA1C4A50BD007EAA70 /* AppDelegate.swift */,
				98EEFAAC1C4A50BD007EAA70 /* ViewController.swift */,
				98EEFAAE1C4A50BD007EAA70 /* Main.storyboard */,
				98EEFAB11C4A50BD007EAA70 /* Assets.xcassets */,
				98EEFAB31C4A50BD007EAA70 /* LaunchScreen.storyboard */,
				98EEFAB61C4A50BD007EAA70 /* Info.plist */,
			);
			path = AutoLayout;
			sourceTree = "<group>";
		};
		98EEFB661C4A68A9007EAA70 /* Products */ = {
			isa = PBXGroup;
			children = (
				98EEFB6B1C4A68A9007EAA70 /* Pods.framework */,
				98EEFB6D1C4A68A9007EAA70 /* SnapKit.framework */,
			);
			name = Products;
			sourceTree = "<group>";
		};
/* End PBXGroup section */

/* Begin PBXNativeTarget section */
		98EEFAA61C4A50BD007EAA70 /* AutoLayout */ = {
			isa = PBXNativeTarget;
			buildConfigurationList = 98EEFAB91C4A50BD007EAA70 /* Build configuration list for PBXNativeTarget "AutoLayout" */;
			buildPhases = (
				2C9E3FE93E538E65E199630E /* Check Pods Manifest.lock */,
				98EEFAA31C4A50BD007EAA70 /* Sources */,
				98EEFAA41C4A50BD007EAA70 /* Frameworks */,
				98EEFAA51C4A50BD007EAA70 /* Resources */,
				053CDDE6B6277D8E3F97EE74 /* Embed Pods Frameworks */,
				F6BCEACA29AF385C956399B4 /* Copy Pods Resources */,
			);
			buildRules = (
			);
			dependencies = (
			);
			name = AutoLayout;
			productName = AutoLayout;
			productReference = 98EEFAA71C4A50BD007EAA70 /* AutoLayout.app */;
			productType = "com.apple.product-type.application";
		};
/* End PBXNativeTarget section */

/* Begin PBXProject section */
		98EEFA9F1C4A50BD007EAA70 /* Project object */ = {
			isa = PBXProject;
			attributes = {
				LastUpgradeCheck = 0700;
				ORGANIZATIONNAME = Arash;
				TargetAttributes = {
					98EEFAA61C4A50BD007EAA70 = {
						CreatedOnToolsVersion = 7.0;
					};
				};
			};
			buildConfigurationList = 98EEFAA21C4A50BD007EAA70 /* Build configuration list for PBXProject "AutoLayout" */;
			compatibilityVersion = "Xcode 3.2";
			developmentRegion = English;
			hasScannedForEncodings = 0;
			knownRegions = (
				en,
				Base,
			);
			mainGroup = 98EEFA9E1C4A50BD007EAA70;
			productRefGroup = 98EEFAA81C4A50BD007EAA70 /* Products */;
			projectDirPath = "";
			projectReferences = (
				{
					ProductGroup = 98EEFB661C4A68A9007EAA70 /* Products */;
					ProjectRef = 98EEFB651C4A68A9007EAA70 /* Pods.xcodeproj */;
				},
			);
			projectRoot = "";
			targets = (
				98EEFAA61C4A50BD007EAA70 /* AutoLayout */,
			);
		};
/* End PBXProject section */

/* Begin PBXReferenceProxy section */
		98EEFB6B1C4A68A9007EAA70 /* Pods.framework */ = {
			isa = PBXReferenceProxy;
			fileType = wrapper.framework;
			path = Pods.framework;
			remoteRef = 98EEFB6A1C4A68A9007EAA70 /* PBXContainerItemProxy */;
			sourceTree = BUILT_PRODUCTS_DIR;
		};
		98EEFB6D1C4A68A9007EAA70 /* SnapKit.framework */ = {
			isa = PBXReferenceProxy;
			fileType = wrapper.framework;
			path = SnapKit.framework;
			remoteRef = 98EEFB6C1C4A68A9007EAA70 /* PBXContainerItemProxy */;
			sourceTree = BUILT_PRODUCTS_DIR;
		};
/* End PBXReferenceProxy section */

/* Begin PBXResourcesBuildPhase section */
		98EEFAA51C4A50BD007EAA70 /* Resources */ = {
			isa = PBXResourcesBuildPhase;
			buildActionMask = 2147483647;
			files = (
				98EEFAB51C4A50BD007EAA70 /* LaunchScreen.storyboard in Resources */,
				98EEFAB21C4A50BD007EAA70 /* Assets.xcassets in Resources */,
				98EEFB641C4A67BE007EAA70 /* Podfile in Resources */,
				98EEFAB01C4A50BD007EAA70 /* Main.storyboard in Resources */,
			);
			runOnlyForDeploymentPostprocessing = 0;
		};
/* End PBXResourcesBuildPhase section */

/* Begin PBXShellScriptBuildPhase section */
		053CDDE6B6277D8E3F97EE74 /* Embed Pods Frameworks */ = {
			isa = PBXShellScriptBuildPhase;
			buildActionMask = 2147483647;
			files = (
			);
			inputPaths = (
			);
			name = "Embed Pods Frameworks";
			outputPaths = (
			);
			runOnlyForDeploymentPostprocessing = 0;
			shellPath = /bin/sh;
			shellScript = "\"${SRCROOT}/Pods/Target Support Files/Pods/Pods-frameworks.sh\"\n";
			showEnvVarsInLog = 0;
		};
		2C9E3FE93E538E65E199630E /* Check Pods Manifest.lock */ = {
			isa = PBXShellScriptBuildPhase;
			buildActionMask = 2147483647;
			files = (
			);
			inputPaths = (
			);
			name = "Check Pods Manifest.lock";
			outputPaths = (
			);
			runOnlyForDeploymentPostprocessing = 0;
			shellPath = /bin/sh;
			shellScript = "diff \"${PODS_ROOT}/../Podfile.lock\" \"${PODS_ROOT}/Manifest.lock\" > /dev/null\nif [[ $? != 0 ]] ; then\n    cat << EOM\nerror: The sandbox is not in sync with the Podfile.lock. Run 'pod install' or update your CocoaPods installation.\nEOM\n    exit 1\nfi\n";
			showEnvVarsInLog = 0;
		};
		F6BCEACA29AF385C956399B4 /* Copy Pods Resources */ = {
			isa = PBXShellScriptBuildPhase;
			buildActionMask = 2147483647;
			files = (
			);
			inputPaths = (
			);
			name = "Copy Pods Resources";
			outputPaths = (
			);
			runOnlyForDeploymentPostprocessing = 0;
			shellPath = /bin/sh;
			shellScript = "\"${SRCROOT}/Pods/Target Support Files/Pods/Pods-resources.sh\"\n";
			showEnvVarsInLog = 0;
		};
/* End PBXShellScriptBuildPhase section */

/* Begin PBXSourcesBuildPhase section */
		98EEFAA31C4A50BD007EAA70 /* Sources */ = {
			isa = PBXSourcesBuildPhase;
			buildActionMask = 2147483647;
			files = (
				98EEFAAD1C4A50BD007EAA70 /* ViewController.swift in Sources */,
				98EEFAAB1C4A50BD007EAA70 /* AppDelegate.swift in Sources */,
			);
			runOnlyForDeploymentPostprocessing = 0;
		};
/* End PBXSourcesBuildPhase section */

/* Begin PBXVariantGroup section */
		98EEFAAE1C4A50BD007EAA70 /* Main.storyboard */ = {
			isa = PBXVariantGroup;
			children = (
				98EEFAAF1C4A50BD007EAA70 /* Base */,
			);
			name = Main.storyboard;
			sourceTree = "<group>";
		};
		98EEFAB31C4A50BD007EAA70 /* LaunchScreen.storyboard */ = {
			isa = PBXVariantGroup;
			children = (
				98EEFAB41C4A50BD007EAA70 /* Base */,
			);
			name = LaunchScreen.storyboard;
			sourceTree = "<group>";
		};
/* End PBXVariantGroup section */

/* Begin XCBuildConfiguration section */
		98EEFAB71C4A50BD007EAA70 /* Debug */ = {
			isa = XCBuildConfiguration;
			buildSettings = {
				ALWAYS_SEARCH_USER_PATHS = NO;
				CLANG_CXX_LANGUAGE_STANDARD = "gnu++0x";
				CLANG_CXX_LIBRARY = "libc++";
				CLANG_ENABLE_MODULES = YES;
				CLANG_ENABLE_OBJC_ARC = YES;
				CLANG_WARN_BOOL_CONVERSION = YES;
				CLANG_WARN_CONSTANT_CONVERSION = YES;
				CLANG_WARN_DIRECT_OBJC_ISA_USAGE = YES_ERROR;
				CLANG_WARN_EMPTY_BODY = YES;
				CLANG_WARN_ENUM_CONVERSION = YES;
				CLANG_WARN_INT_CONVERSION = YES;
				CLANG_WARN_OBJC_ROOT_CLASS = YES_ERROR;
				CLANG_WARN_UNREACHABLE_CODE = YES;
				CLANG_WARN__DUPLICATE_METHOD_MATCH = YES;
				"CODE_SIGN_IDENTITY[sdk=iphoneos*]" = "iPhone Developer";
				COPY_PHASE_STRIP = NO;
				DEBUG_INFORMATION_FORMAT = dwarf;
				ENABLE_STRICT_OBJC_MSGSEND = YES;
				ENABLE_TESTABILITY = YES;
				GCC_C_LANGUAGE_STANDARD = gnu99;
				GCC_DYNAMIC_NO_PIC = NO;
				GCC_NO_COMMON_BLOCKS = YES;
				GCC_OPTIMIZATION_LEVEL = 0;
				GCC_PREPROCESSOR_DEFINITIONS = (
					"DEBUG=1",
					"$(inherited)",
				);
				GCC_WARN_64_TO_32_BIT_CONVERSION = YES;
				GCC_WARN_ABOUT_RETURN_TYPE = YES_ERROR;
				GCC_WARN_UNDECLARED_SELECTOR = YES;
				GCC_WARN_UNINITIALIZED_AUTOS = YES_AGGRESSIVE;
				GCC_WARN_UNUSED_FUNCTION = YES;
				GCC_WARN_UNUSED_VARIABLE = YES;
				IPHONEOS_DEPLOYMENT_TARGET = 9.0;
				MTL_ENABLE_DEBUG_INFO = YES;
				ONLY_ACTIVE_ARCH = YES;
				SDKROOT = iphoneos;
				SWIFT_OPTIMIZATION_LEVEL = "-Onone";
			};
			name = Debug;
		};
		98EEFAB81C4A50BD007EAA70 /* Release */ = {
			isa = XCBuildConfiguration;
			buildSettings = {
				ALWAYS_SEARCH_USER_PATHS = NO;
				CLANG_CXX_LANGUAGE_STANDARD = "gnu++0x";
				CLANG_CXX_LIBRARY = "libc++";
				CLANG_ENABLE_MODULES = YES;
				CLANG_ENABLE_OBJC_ARC = YES;
				CLANG_WARN_BOOL_CONVERSION = YES;
				CLANG_WARN_CONSTANT_CONVERSION = YES;
				CLANG_WARN_DIRECT_OBJC_ISA_USAGE = YES_ERROR;
				CLANG_WARN_EMPTY_BODY = YES;
				CLANG_WARN_ENUM_CONVERSION = YES;
				CLANG_WARN_INT_CONVERSION = YES;
				CLANG_WARN_OBJC_ROOT_CLASS = YES_ERROR;
				CLANG_WARN_UNREACHABLE_CODE = YES;
				CLANG_WARN__DUPLICATE_METHOD_MATCH = YES;
				"CODE_SIGN_IDENTITY[sdk=iphoneos*]" = "iPhone Developer";
				COPY_PHASE_STRIP = NO;
				DEBUG_INFORMATION_FORMAT = "dwarf-with-dsym";
				ENABLE_NS_ASSERTIONS = NO;
				ENABLE_STRICT_OBJC_MSGSEND = YES;
				GCC_C_LANGUAGE_STANDARD = gnu99;
				GCC_NO_COMMON_BLOCKS = YES;
				GCC_WARN_64_TO_32_BIT_CONVERSION = YES;
				GCC_WARN_ABOUT_RETURN_TYPE = YES_ERROR;
				GCC_WARN_UNDECLARED_SELECTOR = YES;
				GCC_WARN_UNINITIALIZED_AUTOS = YES_AGGRESSIVE;
				GCC_WARN_UNUSED_FUNCTION = YES;
				GCC_WARN_UNUSED_VARIABLE = YES;
				IPHONEOS_DEPLOYMENT_TARGET = 9.0;
				MTL_ENABLE_DEBUG_INFO = NO;
				SDKROOT = iphoneos;
				VALIDATE_PRODUCT = YES;
			};
			name = Release;
		};
		98EEFABA1C4A50BD007EAA70 /* Debug */ = {
			isa = XCBuildConfiguration;
			baseConfigurationReference = 23C93964405BCAECA34297BE /* Pods.debug.xcconfig */;
			buildSettings = {
				ASSETCATALOG_COMPILER_APPICON_NAME = AppIcon;
				INFOPLIST_FILE = AutoLayout/Info.plist;
				LD_RUNPATH_SEARCH_PATHS = "$(inherited) @executable_path/Frameworks";
				PRODUCT_BUNDLE_IDENTIFIER = com.Arash.AdvisorsHealthCloud.AutoLayout;
				PRODUCT_NAME = "$(TARGET_NAME)";
			};
			name = Debug;
		};
		98EEFABB1C4A50BD007EAA70 /* Release */ = {
			isa = XCBuildConfiguration;
			baseConfigurationReference = 2448813F83B1B7106E1B24B0 /* Pods.release.xcconfig */;
			buildSettings = {
				ASSETCATALOG_COMPILER_APPICON_NAME = AppIcon;
				INFOPLIST_FILE = AutoLayout/Info.plist;
				LD_RUNPATH_SEARCH_PATHS = "$(inherited) @executable_path/Frameworks";
				PRODUCT_BUNDLE_IDENTIFIER = com.Arash.AdvisorsHealthCloud.AutoLayout;
				PRODUCT_NAME = "$(TARGET_NAME)";
			};
			name = Release;
		};
/* End XCBuildConfiguration section */

/* Begin XCConfigurationList section */
		98EEFAA21C4A50BD007EAA70 /* Build configuration list for PBXProject "AutoLayout" */ = {
			isa = XCConfigurationList;
			buildConfigurations = (
				98EEFAB71C4A50BD007EAA70 /* Debug */,
				98EEFAB81C4A50BD007EAA70 /* Release */,
			);
			defaultConfigurationIsVisible = 0;
			defaultConfigurationName = Release;
		};
		98EEFAB91C4A50BD007EAA70 /* Build configuration list for PBXNativeTarget "AutoLayout" */ = {
			isa = XCConfigurationList;
			buildConfigurations = (
				98EEFABA1C4A50BD007EAA70 /* Debug */,
				98EEFABB1C4A50BD007EAA70 /* Release */,
			);
			defaultConfigurationIsVisible = 0;
			defaultConfigurationName = Release;
		};
/* End XCConfigurationList section */
	};
	rootObject = 98EEFA9F1C4A50BD007EAA70 /* Project object */;
}
